// !$*UTF8*$!
{
	archiveVersion = 1;
	classes = {
	};
	objectVersion = 46;
	objects = {

/* Begin PBXBuildFile section */
		4991F79E1837E87A00A36EE8 /* Foundation.framework in Frameworks */ = {isa = PBXBuildFile; fileRef = 4991F79D1837E87A00A36EE8 /* Foundation.framework */; };
		4991F7A01837E87A00A36EE8 /* CoreGraphics.framework in Frameworks */ = {isa = PBXBuildFile; fileRef = 4991F79F1837E87A00A36EE8 /* CoreGraphics.framework */; };
		4991F7A21837E87A00A36EE8 /* UIKit.framework in Frameworks */ = {isa = PBXBuildFile; fileRef = 4991F7A11837E87A00A36EE8 /* UIKit.framework */; };
		4991F7A81837E87A00A36EE8 /* InfoPlist.strings in Resources */ = {isa = PBXBuildFile; fileRef = 4991F7A61837E87A00A36EE8 /* InfoPlist.strings */; };
		4991F7AA1837E87A00A36EE8 /* main.m in Sources */ = {isa = PBXBuildFile; fileRef = 4991F7A91837E87A00A36EE8 /* main.m */; };
		4991F7AE1837E87A00A36EE8 /* AppDelegate.m in Sources */ = {isa = PBXBuildFile; fileRef = 4991F7AD1837E87A00A36EE8 /* AppDelegate.m */; };
		4991F7B11837E87A00A36EE8 /* Main.storyboard in Resources */ = {isa = PBXBuildFile; fileRef = 4991F7AF1837E87A00A36EE8 /* Main.storyboard */; };
		4991F7B61837E87A00A36EE8 /* Images.xcassets in Resources */ = {isa = PBXBuildFile; fileRef = 4991F7B51837E87A00A36EE8 /* Images.xcassets */; };
		4991F7BD1837E87A00A36EE8 /* XCTest.framework in Frameworks */ = {isa = PBXBuildFile; fileRef = 4991F7BC1837E87A00A36EE8 /* XCTest.framework */; };
		4991F7BE1837E87A00A36EE8 /* Foundation.framework in Frameworks */ = {isa = PBXBuildFile; fileRef = 4991F79D1837E87A00A36EE8 /* Foundation.framework */; };
		4991F7BF1837E87A00A36EE8 /* UIKit.framework in Frameworks */ = {isa = PBXBuildFile; fileRef = 4991F7A11837E87A00A36EE8 /* UIKit.framework */; };
		4991F7C71837E87A00A36EE8 /* InfoPlist.strings in Resources */ = {isa = PBXBuildFile; fileRef = 4991F7C51837E87A00A36EE8 /* InfoPlist.strings */; };
		4991F7C91837E87A00A36EE8 /* SeguesTests.m in Sources */ = {isa = PBXBuildFile; fileRef = 4991F7C81837E87A00A36EE8 /* SeguesTests.m */; };
		49AFC64618392E13001CD149 /* FirstViewController.m in Sources */ = {isa = PBXBuildFile; fileRef = 49AFC64518392E13001CD149 /* FirstViewController.m */; };
		49AFC64A18392E36001CD149 /* SecondViewController.m in Sources */ = {isa = PBXBuildFile; fileRef = 49AFC64918392E36001CD149 /* SecondViewController.m */; };
/* End PBXBuildFile section */

/* Begin PBXContainerItemProxy section */
		4991F7C01837E87A00A36EE8 /* PBXContainerItemProxy */ = {
			isa = PBXContainerItemProxy;
			containerPortal = 4991F7921837E87A00A36EE8 /* Project object */;
			proxyType = 1;
			remoteGlobalIDString = 4991F7991837E87A00A36EE8;
			remoteInfo = Segues;
		};
/* End PBXContainerItemProxy section */

/* Begin PBXFileReference section */
		4991F79A1837E87A00A36EE8 /* Segues.app */ = {isa = PBXFileReference; explicitFileType = wrapper.application; includeInIndex = 0; path = Segues.app; sourceTree = BUILT_PRODUCTS_DIR; };
		4991F79D1837E87A00A36EE8 /* Foundation.framework */ = {isa = PBXFileReference; lastKnownFileType = wrapper.framework; name = Foundation.framework; path = System/Library/Frameworks/Foundation.framework; sourceTree = SDKROOT; };
		4991F79F1837E87A00A36EE8 /* CoreGraphics.framework */ = {isa = PBXFileReference; lastKnownFileType = wrapper.framework; name = CoreGraphics.framework; path = System/Library/Frameworks/CoreGraphics.framework; sourceTree = SDKROOT; };
		4991F7A11837E87A00A36EE8 /* UIKit.framework */ = {isa = PBXFileReference; lastKnownFileType = wrapper.framework; name = UIKit.framework; path = System/Library/Frameworks/UIKit.framework; sourceTree = SDKROOT; };
		4991F7A51837E87A00A36EE8 /* Segues-Info.plist */ = {isa = PBXFileReference; lastKnownFileType = text.plist.xml; path = "Segues-Info.plist"; sourceTree = "<group>"; };
		4991F7A71837E87A00A36EE8 /* en */ = {isa = PBXFileReference; lastKnownFileType = text.plist.strings; name = en; path = en.lproj/InfoPlist.strings; sourceTree = "<group>"; };
		4991F7A91837E87A00A36EE8 /* main.m */ = {isa = PBXFileReference; lastKnownFileType = sourcecode.c.objc; path = main.m; sourceTree = "<group>"; };
		4991F7AB1837E87A00A36EE8 /* Segues-Prefix.pch */ = {isa = PBXFileReference; lastKnownFileType = sourcecode.c.h; path = "Segues-Prefix.pch"; sourceTree = "<group>"; };
		4991F7AC1837E87A00A36EE8 /* AppDelegate.h */ = {isa = PBXFileReference; lastKnownFileType = sourcecode.c.h; path = AppDelegate.h; sourceTree = "<group>"; };
		4991F7AD1837E87A00A36EE8 /* AppDelegate.m */ = {isa = PBXFileReference; lastKnownFileType = sourcecode.c.objc; path = AppDelegate.m; sourceTree = "<group>"; };
		4991F7B01837E87A00A36EE8 /* Base */ = {isa = PBXFileReference; lastKnownFileType = file.storyboard; name = Base; path = Base.lproj/Main.storyboard; sourceTree = "<group>"; };
		4991F7B51837E87A00A36EE8 /* Images.xcassets */ = {isa = PBXFileReference; lastKnownFileType = folder.assetcatalog; path = Images.xcassets; sourceTree = "<group>"; };
		4991F7BB1837E87A00A36EE8 /* SeguesTests.xctest */ = {isa = PBXFileReference; explicitFileType = wrapper.cfbundle; includeInIndex = 0; path = SeguesTests.xctest; sourceTree = BUILT_PRODUCTS_DIR; };
		4991F7BC1837E87A00A36EE8 /* XCTest.framework */ = {isa = PBXFileReference; lastKnownFileType = wrapper.framework; name = XCTest.framework; path = Library/Frameworks/XCTest.framework; sourceTree = DEVELOPER_DIR; };
		4991F7C41837E87A00A36EE8 /* SeguesTests-Info.plist */ = {isa = PBXFileReference; lastKnownFileType = text.plist.xml; path = "SeguesTests-Info.plist"; sourceTree = "<group>"; };
		4991F7C61837E87A00A36EE8 /* en */ = {isa = PBXFileReference; lastKnownFileType = text.plist.strings; name = en; path = en.lproj/InfoPlist.strings; sourceTree = "<group>"; };
		4991F7C81837E87A00A36EE8 /* SeguesTests.m */ = {isa = PBXFileReference; lastKnownFileType = sourcecode.c.objc; path = SeguesTests.m; sourceTree = "<group>"; };
		49AFC64418392E13001CD149 /* FirstViewController.h */ = {isa = PBXFileReference; fileEncoding = 4; lastKnownFileType = sourcecode.c.h; path = FirstViewController.h; sourceTree = "<group>"; };
		49AFC64518392E13001CD149 /* FirstViewController.m */ = {isa = PBXFileReference; fileEncoding = 4; lastKnownFileType = sourcecode.c.objc; path = FirstViewController.m; sourceTree = "<group>"; };
		49AFC64818392E36001CD149 /* SecondViewController.h */ = {isa = PBXFileReference; fileEncoding = 4; lastKnownFileType = sourcecode.c.h; path = SecondViewController.h; sourceTree = "<group>"; };
		49AFC64918392E36001CD149 /* SecondViewController.m */ = {isa = PBXFileReference; fileEncoding = 4; lastKnownFileType = sourcecode.c.objc; path = SecondViewController.m; sourceTree = "<group>"; };
/* End PBXFileReference section */

/* Begin PBXFrameworksBuildPhase section */
		4991F7971837E87A00A36EE8 /* Frameworks */ = {
			isa = PBXFrameworksBuildPhase;
			buildActionMask = 2147483647;
			files = (
				4991F7A01837E87A00A36EE8 /* CoreGraphics.framework in Frameworks */,
				4991F7A21837E87A00A36EE8 /* UIKit.framework in Frameworks */,
				4991F79E1837E87A00A36EE8 /* Foundation.framework in Frameworks */,
			);
			runOnlyForDeploymentPostprocessing = 0;
		};
		4991F7B81837E87A00A36EE8 /* Frameworks */ = {
			isa = PBXFrameworksBuildPhase;
			buildActionMask = 2147483647;
			files = (
				4991F7BD1837E87A00A36EE8 /* XCTest.framework in Frameworks */,
				4991F7BF1837E87A00A36EE8 /* UIKit.framework in Frameworks */,
				4991F7BE1837E87A00A36EE8 /* Foundation.framework in Frameworks */,
			);
			runOnlyForDeploymentPostprocessing = 0;
		};
/* End PBXFrameworksBuildPhase section */

/* Begin PBXGroup section */
		4991F7911837E87A00A36EE8 = {
			isa = PBXGroup;
			children = (
				4991F7A31837E87A00A36EE8 /* Segues */,
				4991F7C21837E87A00A36EE8 /* SeguesTests */,
				4991F79C1837E87A00A36EE8 /* Frameworks */,
				4991F79B1837E87A00A36EE8 /* Products */,
			);
			sourceTree = "<group>";
		};
		4991F79B1837E87A00A36EE8 /* Products */ = {
			isa = PBXGroup;
			children = (
				4991F79A1837E87A00A36EE8 /* Segues.app */,
				4991F7BB1837E87A00A36EE8 /* SeguesTests.xctest */,
			);
			name = Products;
			sourceTree = "<group>";
		};
		4991F79C1837E87A00A36EE8 /* Frameworks */ = {
			isa = PBXGroup;
			children = (
				4991F79D1837E87A00A36EE8 /* Foundation.framework */,
				4991F79F1837E87A00A36EE8 /* CoreGraphics.framework */,
				4991F7A11837E87A00A36EE8 /* UIKit.framework */,
				4991F7BC1837E87A00A36EE8 /* XCTest.framework */,
			);
			name = Frameworks;
			sourceTree = "<group>";
		};
		4991F7A31837E87A00A36EE8 /* Segues */ = {
			isa = PBXGroup;
			children = (
				4991F7AF1837E87A00A36EE8 /* Main.storyboard */,
				49AFC64718392E1C001CD149 /* SecondViewController */,
				49AFC64318392DC2001CD149 /* FirstViewController */,
				4991F7AC1837E87A00A36EE8 /* AppDelegate.h */,
				4991F7AD1837E87A00A36EE8 /* AppDelegate.m */,
				4991F7B51837E87A00A36EE8 /* Images.xcassets */,
				4991F7A41837E87A00A36EE8 /* Supporting Files */,
			);
			path = Segues;
			sourceTree = "<group>";
		};
		4991F7A41837E87A00A36EE8 /* Supporting Files */ = {
			isa = PBXGroup;
			children = (
				4991F7A51837E87A00A36EE8 /* Segues-Info.plist */,
				4991F7A61837E87A00A36EE8 /* InfoPlist.strings */,
				4991F7A91837E87A00A36EE8 /* main.m */,
				4991F7AB1837E87A00A36EE8 /* Segues-Prefix.pch */,
			);
			name = "Supporting Files";
			sourceTree = "<group>";
		};
		4991F7C21837E87A00A36EE8 /* SeguesTests */ = {
			isa = PBXGroup;
			children = (
				4991F7C81837E87A00A36EE8 /* SeguesTests.m */,
				4991F7C31837E87A00A36EE8 /* Supporting Files */,
			);
			path = SeguesTests;
			sourceTree = "<group>";
		};
		4991F7C31837E87A00A36EE8 /* Supporting Files */ = {
			isa = PBXGroup;
			children = (
				4991F7C41837E87A00A36EE8 /* SeguesTests-Info.plist */,
				4991F7C51837E87A00A36EE8 /* InfoPlist.strings */,
			);
			name = "Supporting Files";
			sourceTree = "<group>";
		};
		49AFC64318392DC2001CD149 /* FirstViewController */ = {
			isa = PBXGroup;
			children = (
				49AFC64418392E13001CD149 /* FirstViewController.h */,
				49AFC64518392E13001CD149 /* FirstViewController.m */,
			);
			name = FirstViewController;
			sourceTree = "<group>";
		};
		49AFC64718392E1C001CD149 /* SecondViewController */ = {
			isa = PBXGroup;
			children = (
				49AFC64818392E36001CD149 /* SecondViewController.h */,
				49AFC64918392E36001CD149 /* SecondViewController.m */,
			);
			name = SecondViewController;
			sourceTree = "<group>";
		};
/* End PBXGroup section */

/* Begin PBXNativeTarget section */
		4991F7991837E87A00A36EE8 /* Segues */ = {
			isa = PBXNativeTarget;
			buildConfigurationList = 4991F7CC1837E87A00A36EE8 /* Build configuration list for PBXNativeTarget "Segues" */;
			buildPhases = (
				4991F7961837E87A00A36EE8 /* Sources */,
				4991F7971837E87A00A36EE8 /* Frameworks */,
				4991F7981837E87A00A36EE8 /* Resources */,
			);
			buildRules = (
			);
			dependencies = (
			);
			name = Segues;
			productName = Segues;
			productReference = 4991F79A1837E87A00A36EE8 /* Segues.app */;
			productType = "com.apple.product-type.application";
		};
		4991F7BA1837E87A00A36EE8 /* SeguesTests */ = {
			isa = PBXNativeTarget;
			buildConfigurationList = 4991F7CF1837E87A00A36EE8 /* Build configuration list for PBXNativeTarget "SeguesTests" */;
			buildPhases = (
				4991F7B71837E87A00A36EE8 /* Sources */,
				4991F7B81837E87A00A36EE8 /* Frameworks */,
				4991F7B91837E87A00A36EE8 /* Resources */,
			);
			buildRules = (
			);
			dependencies = (
				4991F7C11837E87A00A36EE8 /* PBXTargetDependency */,
			);
			name = SeguesTests;
			productName = SeguesTests;
			productReference = 4991F7BB1837E87A00A36EE8 /* SeguesTests.xctest */;
			productType = "com.apple.product-type.bundle.unit-test";
		};
/* End PBXNativeTarget section */

/* Begin PBXProject section */
		4991F7921837E87A00A36EE8 /* Project object */ = {
			isa = PBXProject;
			attributes = {
				LastUpgradeCheck = 0500;
				ORGANIZATIONNAME = Sergio;
				TargetAttributes = {
					4991F7BA1837E87A00A36EE8 = {
						TestTargetID = 4991F7991837E87A00A36EE8;
					};
				};
			};
			buildConfigurationList = 4991F7951837E87A00A36EE8 /* Build configuration list for PBXProject "Segues" */;
			compatibilityVersion = "Xcode 3.2";
			developmentRegion = English;
			hasScannedForEncodings = 0;
			knownRegions = (
				en,
				Base,
			);
			mainGroup = 4991F7911837E87A00A36EE8;
			productRefGroup = 4991F79B1837E87A00A36EE8 /* Products */;
			projectDirPath = "";
			projectRoot = "";
			targets = (
				4991F7991837E87A00A36EE8 /* Segues */,
				4991F7BA1837E87A00A36EE8 /* SeguesTests */,
			);
		};
/* End PBXProject section */

/* Begin PBXResourcesBuildPhase section */
		4991F7981837E87A00A36EE8 /* Resources */ = {
			isa = PBXResourcesBuildPhase;
			buildActionMask = 2147483647;
			files = (
				4991F7B61837E87A00A36EE8 /* Images.xcassets in Resources */,
				4991F7A81837E87A00A36EE8 /* InfoPlist.strings in Resources */,
				4991F7B11837E87A00A36EE8 /* Main.storyboard in Resources */,
			);
			runOnlyForDeploymentPostprocessing = 0;
		};
		4991F7B91837E87A00A36EE8 /* Resources */ = {
			isa = PBXResourcesBuildPhase;
			buildActionMask = 2147483647;
			files = (
				4991F7C71837E87A00A36EE8 /* InfoPlist.strings in Resources */,
			);
			runOnlyForDeploymentPostprocessing = 0;
		};
/* End PBXResourcesBuildPhase section */

/* Begin PBXSourcesBuildPhase section */
		4991F7961837E87A00A36EE8 /* Sources */ = {
			isa = PBXSourcesBuildPhase;
			buildActionMask = 2147483647;
			files = (
				49AFC64A18392E36001CD149 /* SecondViewController.m in Sources */,
				4991F7AE1837E87A00A36EE8 /* AppDelegate.m in Sources */,
				49AFC64618392E13001CD149 /* FirstViewController.m in Sources */,
				4991F7AA1837E87A00A36EE8 /* main.m in Sources */,
			);
			runOnlyForDeploymentPostprocessing = 0;
		};
		4991F7B71837E87A00A36EE8 /* Sources */ = {
			isa = PBXSourcesBuildPhase;
			buildActionMask = 2147483647;
			files = (
				4991F7C91837E87A00A36EE8 /* SeguesTests.m in Sources */,
			);
			runOnlyForDeploymentPostprocessing = 0;
		};
/* End PBXSourcesBuildPhase section */

/* Begin PBXTargetDependency section */
		4991F7C11837E87A00A36EE8 /* PBXTargetDependency */ = {
			isa = PBXTargetDependency;
			target = 4991F7991837E87A00A36EE8 /* Segues */;
			targetProxy = 4991F7C01837E87A00A36EE8 /* PBXContainerItemProxy */;
		};
/* End PBXTargetDependency section */

/* Begin PBXVariantGroup section */
		4991F7A61837E87A00A36EE8 /* InfoPlist.strings */ = {
			isa = PBXVariantGroup;
			children = (
				4991F7A71837E87A00A36EE8 /* en */,
			);
			name = InfoPlist.strings;
			sourceTree = "<group>";
		};
		4991F7AF1837E87A00A36EE8 /* Main.storyboard */ = {
			isa = PBXVariantGroup;
			children = (
				4991F7B01837E87A00A36EE8 /* Base */,
			);
			name = Main.storyboard;
			sourceTree = "<group>";
		};
		4991F7C51837E87A00A36EE8 /* InfoPlist.strings */ = {
			isa = PBXVariantGroup;
			children = (
				4991F7C61837E87A00A36EE8 /* en */,
			);
			name = InfoPlist.strings;
			sourceTree = "<group>";
		};
/* End PBXVariantGroup section */

/* Begin XCBuildConfiguration section */
		4991F7CA1837E87A00A36EE8 /* Debug */ = {
			isa = XCBuildConfiguration;
			buildSettings = {
				ALWAYS_SEARCH_USER_PATHS = NO;
				ARCHS = "$(ARCHS_STANDARD_INCLUDING_64_BIT)";
				CLANG_CXX_LANGUAGE_STANDARD = "gnu++0x";
				CLANG_CXX_LIBRARY = "libc++";
				CLANG_ENABLE_MODULES = YES;
				CLANG_ENABLE_OBJC_ARC = YES;
				CLANG_WARN_BOOL_CONVERSION = YES;
				CLANG_WARN_CONSTANT_CONVERSION = YES;
				CLANG_WARN_DIRECT_OBJC_ISA_USAGE = YES_ERROR;
				CLANG_WARN_EMPTY_BODY = YES;
				CLANG_WARN_ENUM_CONVERSION = YES;
				CLANG_WARN_INT_CONVERSION = YES;
				CLANG_WARN_OBJC_ROOT_CLASS = YES_ERROR;
				CLANG_WARN__DUPLICATE_METHOD_MATCH = YES;
				"CODE_SIGN_IDENTITY[sdk=iphoneos*]" = "iPhone Developer";
				COPY_PHASE_STRIP = NO;
				GCC_C_LANGUAGE_STANDARD = gnu99;
				GCC_DYNAMIC_NO_PIC = NO;
				GCC_OPTIMIZATION_LEVEL = 0;
				GCC_PREPROCESSOR_DEFINITIONS = (
					"DEBUG=1",
					"$(inherited)",
				);
				GCC_SYMBOLS_PRIVATE_EXTERN = NO;
				GCC_WARN_64_TO_32_BIT_CONVERSION = YES;
				GCC_WARN_ABOUT_RETURN_TYPE = YES_ERROR;
				GCC_WARN_UNDECLARED_SELECTOR = YES;
				GCC_WARN_UNINITIALIZED_AUTOS = YES;
				GCC_WARN_UNUSED_FUNCTION = YES;
				GCC_WARN_UNUSED_VARIABLE = YES;
				IPHONEOS_DEPLOYMENT_TARGET = 7.0;
				ONLY_ACTIVE_ARCH = YES;
				SDKROOT = iphoneos;
			};
			name = Debug;
		};
		4991F7CB1837E87A00A36EE8 /* Release */ = {
			isa = XCBuildConfiguration;
			buildSettings = {
				ALWAYS_SEARCH_USER_PATHS = NO;
				ARCHS = "$(ARCHS_STANDARD_INCLUDING_64_BIT)";
				CLANG_CXX_LANGUAGE_STANDARD = "gnu++0x";
				CLANG_CXX_LIBRARY = "libc++";
				CLANG_ENABLE_MODULES = YES;
				CLANG_ENABLE_OBJC_ARC = YES;
				CLANG_WARN_BOOL_CONVERSION = YES;
				CLANG_WARN_CONSTANT_CONVERSION = YES;
				CLANG_WARN_DIRECT_OBJC_ISA_USAGE = YES_ERROR;
				CLANG_WARN_EMPTY_BODY = YES;
				CLANG_WARN_ENUM_CONVERSION = YES;
				CLANG_WARN_INT_CONVERSION = YES;
				CLANG_WARN_OBJC_ROOT_CLASS = YES_ERROR;
				CLANG_WARN__DUPLICATE_METHOD_MATCH = YES;
				"CODE_SIGN_IDENTITY[sdk=iphoneos*]" = "iPhone Developer";
				COPY_PHASE_STRIP = YES;
				ENABLE_NS_ASSERTIONS = NO;
				GCC_C_LANGUAGE_STANDARD = gnu99;
				GCC_WARN_64_TO_32_BIT_CONVERSION = YES;
				GCC_WARN_ABOUT_RETURN_TYPE = YES_ERROR;
				GCC_WARN_UNDECLARED_SELECTOR = YES;
				GCC_WARN_UNINITIALIZED_AUTOS = YES;
				GCC_WARN_UNUSED_FUNCTION = YES;
				GCC_WARN_UNUSED_VARIABLE = YES;
				IPHONEOS_DEPLOYMENT_TARGET = 7.0;
				SDKROOT = iphoneos;
				VALIDATE_PRODUCT = YES;
			};
			name = Release;
		};
		4991F7CD1837E87A00A36EE8 /* Debug */ = {
			isa = XCBuildConfiguration;
			buildSettings = {
				ASSETCATALOG_COMPILER_APPICON_NAME = AppIcon;
				ASSETCATALOG_COMPILER_LAUNCHIMAGE_NAME = LaunchImage;
				GCC_PRECOMPILE_PREFIX_HEADER = YES;
				GCC_PREFIX_HEADER = "Segues/Segues-Prefix.pch";
				INFOPLIST_FILE = "Segues/Segues-Info.plist";
				PRODUCT_NAME = "$(TARGET_NAME)";
				WRAPPER_EXTENSION = app;
			};
			name = Debug;
		};
		4991F7CE1837E87A00A36EE8 /* Release */ = {
			isa = XCBuildConfiguration;
			buildSettings = {
				ASSETCATALOG_COMPILER_APPICON_NAME = AppIcon;
				ASSETCATALOG_COMPILER_LAUNCHIMAGE_NAME = LaunchImage;
				GCC_PRECOMPILE_PREFIX_HEADER = YES;
				GCC_PREFIX_HEADER = "Segues/Segues-Prefix.pch";
				INFOPLIST_FILE = "Segues/Segues-Info.plist";
				PRODUCT_NAME = "$(TARGET_NAME)";
				WRAPPER_EXTENSION = app;
			};
			name = Release;
		};
		4991F7D01837E87A00A36EE8 /* Debug */ = {
			isa = XCBuildConfiguration;
			buildSettings = {
				ARCHS = "$(ARCHS_STANDARD_INCLUDING_64_BIT)";
				BUNDLE_LOADER = "$(BUILT_PRODUCTS_DIR)/Segues.app/Segues";
				FRAMEWORK_SEARCH_PATHS = (
					"$(SDKROOT)/Developer/Library/Frameworks",
					"$(inherited)",
					"$(DEVELOPER_FRAMEWORKS_DIR)",
				);
				GCC_PRECOMPILE_PREFIX_HEADER = YES;
				GCC_PREFIX_HEADER = "Segues/Segues-Prefix.pch";
				GCC_PREPROCESSOR_DEFINITIONS = (
					"DEBUG=1",
					"$(inherited)",
				);
				INFOPLIST_FILE = "SeguesTests/SeguesTests-Info.plist";
				PRODUCT_NAME = "$(TARGET_NAME)";
				TEST_HOST = "$(BUNDLE_LOADER)";
				WRAPPER_EXTENSION = xctest;
			};
			name = Debug;
		};
		4991F7D11837E87A00A36EE8 /* Release */ = {
			isa = XCBuildConfiguration;
			buildSettings = {
				ARCHS = "$(ARCHS_STANDARD_INCLUDING_64_BIT)";
				BUNDLE_LOADER = "$(BUILT_PRODUCTS_DIR)/Segues.app/Segues";
				FRAMEWORK_SEARCH_PATHS = (
					"$(SDKROOT)/Developer/Library/Frameworks",
					"$(inherited)",
					"$(DEVELOPER_FRAMEWORKS_DIR)",
				);
				GCC_PRECOMPILE_PREFIX_HEADER = YES;
				GCC_PREFIX_HEADER = "Segues/Segues-Prefix.pch";
				INFOPLIST_FILE = "SeguesTests/SeguesTests-Info.plist";
				PRODUCT_NAME = "$(TARGET_NAME)";
				TEST_HOST = "$(BUNDLE_LOADER)";
				WRAPPER_EXTENSION = xctest;
			};
			name = Release;
		};
/* End XCBuildConfiguration section */

/* Begin XCConfigurationList section */
		4991F7951837E87A00A36EE8 /* Build configuration list for PBXProject "Segues" */ = {
			isa = XCConfigurationList;
			buildConfigurations = (
				4991F7CA1837E87A00A36EE8 /* Debug */,
				4991F7CB1837E87A00A36EE8 /* Release */,
			);
			defaultConfigurationIsVisible = 0;
			defaultConfigurationName = Release;
		};
		4991F7CC1837E87A00A36EE8 /* Build configuration list for PBXNativeTarget "Segues" */ = {
			isa = XCConfigurationList;
			buildConfigurations = (
				4991F7CD1837E87A00A36EE8 /* Debug */,
				4991F7CE1837E87A00A36EE8 /* Release */,
			);
			defaultConfigurationIsVisible = 0;
			defaultConfigurationName = Release;
		};
		4991F7CF1837E87A00A36EE8 /* Build configuration list for PBXNativeTarget "SeguesTests" */ = {
			isa = XCConfigurationList;
			buildConfigurations = (
				4991F7D01837E87A00A36EE8 /* Debug */,
				4991F7D11837E87A00A36EE8 /* Release */,
			);
			defaultConfigurationIsVisible = 0;
			defaultConfigurationName = Release;
		};
/* End XCConfigurationList section */
	};
	rootObject = 4991F7921837E87A00A36EE8 /* Project object */;
}
